
Microsoft Visual Studio Solution File, Format Version 12.00
# Visual Studio Version 16
VisualStudioVersion = 16.0.29709.97
MinimumVisualStudioVersion = 10.0.40219.1
Project("{9A19103F-16F7-4668-BE54-9A1E7A4F7556}") = "DbRedmineDoc", "DbRedmineDoc\DbRedmineDoc.csproj", "{1C3E641E-F32F-428C-8C77-85B8ACA2888D}"
EndProject
Project("{FAE04EC0-301F-11D3-BF4B-00C04F79EFBC}") = "TestProject", "TestProject\TestProject.csproj", "{7E5B50CF-B1C8-4609-9A68-33F62135C9B0}"
EndProject
Global
	GlobalSection(SolutionConfigurationPlatforms) = preSolution
		Debug|Any CPU = Debug|Any CPU
		Release|Any CPU = Release|Any CPU
	EndGlobalSection
	GlobalSection(ProjectConfigurationPlatforms) = postSolution
		{1C3E641E-F32F-428C-8C77-85B8ACA2888D}.Debug|Any CPU.ActiveCfg = Debug|Any CPU
		{1C3E641E-F32F-428C-8C77-85B8ACA2888D}.Debug|Any CPU.Build.0 = Debug|Any CPU
		{1C3E641E-F32F-428C-8C77-85B8ACA2888D}.Release|Any CPU.ActiveCfg = Release|Any CPU
		{1C3E641E-F32F-428C-8C77-85B8ACA2888D}.Release|Any CPU.Build.0 = Release|Any CPU
		{7E5B50CF-B1C8-4609-9A68-33F62135C9B0}.Debug|Any CPU.ActiveCfg = Debug|Any CPU
		{7E5B50CF-B1C8-4609-9A68-33F62135C9B0}.Debug|Any CPU.Build.0 = Debug|Any CPU
		{7E5B50CF-B1C8-4609-9A68-33F62135C9B0}.Release|Any CPU.ActiveCfg = Release|Any CPU
		{7E5B50CF-B1C8-4609-9A68-33F62135C9B0}.Release|Any CPU.Build.0 = Release|Any CPU
	EndGlobalSection
	GlobalSection(SolutionProperties) = preSolution
		HideSolutionNode = FALSE
	EndGlobalSection
	GlobalSection(ExtensibilityGlobals) = postSolution
		SolutionGuid = {3AA6CD0A-3885-4DBE-BFA8-0F51C2EB7BFA}
	EndGlobalSection
EndGlobal
